// !$*UTF8*$!
{
	archiveVersion = 1;
	classes = {
	};
	objectVersion = 46;
	objects = {

/* Begin PBXBuildFile section */
		5E83C0851F1F0B9900EEF1F0 /* Extension.swift in Sources */ = {isa = PBXBuildFile; fileRef = 5E83C0841F1F0B9900EEF1F0 /* Extension.swift */; };
		5E83C0871F20404000EEF1F0 /* GLAlertView.swift in Sources */ = {isa = PBXBuildFile; fileRef = 5E83C0861F20404000EEF1F0 /* GLAlertView.swift */; };
		5E83C0891F20415200EEF1F0 /* Global.swift in Sources */ = {isa = PBXBuildFile; fileRef = 5E83C0881F20415200EEF1F0 /* Global.swift */; };
		5E83C08B1F2066AA00EEF1F0 /* GLDataManager.swift in Sources */ = {isa = PBXBuildFile; fileRef = 5E83C08A1F2066AA00EEF1F0 /* GLDataManager.swift */; };
		5E83C0AB1F20EBD300EEF1F0 /* Goods.swift in Sources */ = {isa = PBXBuildFile; fileRef = 5E83C0AA1F20EBD300EEF1F0 /* Goods.swift */; };
		5E83C0AD1F20EBF300EEF1F0 /* FormRecord.swift in Sources */ = {isa = PBXBuildFile; fileRef = 5E83C0AC1F20EBF300EEF1F0 /* FormRecord.swift */; };
		5EBA95B21F1DA42700C49030 /* AppDelegate.swift in Sources */ = {isa = PBXBuildFile; fileRef = 5EBA95B11F1DA42700C49030 /* AppDelegate.swift */; };
		5EBA95B41F1DA42700C49030 /* ViewController.swift in Sources */ = {isa = PBXBuildFile; fileRef = 5EBA95B31F1DA42700C49030 /* ViewController.swift */; };
		5EBA95B71F1DA42700C49030 /* Main.storyboard in Resources */ = {isa = PBXBuildFile; fileRef = 5EBA95B51F1DA42700C49030 /* Main.storyboard */; };
		5EBA95B91F1DA42700C49030 /* Assets.xcassets in Resources */ = {isa = PBXBuildFile; fileRef = 5EBA95B81F1DA42700C49030 /* Assets.xcassets */; };
		5EBA95BC1F1DA42700C49030 /* LaunchScreen.storyboard in Resources */ = {isa = PBXBuildFile; fileRef = 5EBA95BA1F1DA42700C49030 /* LaunchScreen.storyboard */; };
		5EBA95C41F1DA47400C49030 /* GLForm.swift in Sources */ = {isa = PBXBuildFile; fileRef = 5EBA95C31F1DA47400C49030 /* GLForm.swift */; };
		5EBA95C61F1EF3B000C49030 /* GLTextField.swift in Sources */ = {isa = PBXBuildFile; fileRef = 5EBA95C51F1EF3B000C49030 /* GLTextField.swift */; };
		9D912EB3C76770172722DE76 /* Pods_OrderCalculator.framework in Frameworks */ = {isa = PBXBuildFile; fileRef = AD7BF02FEF72DFE2111533BB /* Pods_OrderCalculator.framework */; };
/* End PBXBuildFile section */

/* Begin PBXCopyFilesBuildPhase section */
		5E83C0A81F20E7C600EEF1F0 /* Embed Frameworks */ = {
			isa = PBXCopyFilesBuildPhase;
			buildActionMask = 2147483647;
			dstPath = "";
			dstSubfolderSpec = 10;
			files = (
			);
			name = "Embed Frameworks";
			runOnlyForDeploymentPostprocessing = 0;
		};
/* End PBXCopyFilesBuildPhase section */

/* Begin PBXFileReference section */
		5E83C0841F1F0B9900EEF1F0 /* Extension.swift */ = {isa = PBXFileReference; fileEncoding = 4; lastKnownFileType = sourcecode.swift; path = Extension.swift; sourceTree = "<group>"; };
		5E83C0861F20404000EEF1F0 /* GLAlertView.swift */ = {isa = PBXFileReference; fileEncoding = 4; lastKnownFileType = sourcecode.swift; path = GLAlertView.swift; sourceTree = "<group>"; };
		5E83C0881F20415200EEF1F0 /* Global.swift */ = {isa = PBXFileReference; fileEncoding = 4; lastKnownFileType = sourcecode.swift; path = Global.swift; sourceTree = "<group>"; };
		5E83C08A1F2066AA00EEF1F0 /* GLDataManager.swift */ = {isa = PBXFileReference; fileEncoding = 4; lastKnownFileType = sourcecode.swift; path = GLDataManager.swift; sourceTree = "<group>"; };
		5E83C0AA1F20EBD300EEF1F0 /* Goods.swift */ = {isa = PBXFileReference; fileEncoding = 4; lastKnownFileType = sourcecode.swift; path = Goods.swift; sourceTree = "<group>"; };
		5E83C0AC1F20EBF300EEF1F0 /* FormRecord.swift */ = {isa = PBXFileReference; fileEncoding = 4; lastKnownFileType = sourcecode.swift; path = FormRecord.swift; sourceTree = "<group>"; };
		5EBA95AE1F1DA42700C49030 /* OrderCalculator.app */ = {isa = PBXFileReference; explicitFileType = wrapper.application; includeInIndex = 0; path = OrderCalculator.app; sourceTree = BUILT_PRODUCTS_DIR; };
		5EBA95B11F1DA42700C49030 /* AppDelegate.swift */ = {isa = PBXFileReference; lastKnownFileType = sourcecode.swift; path = AppDelegate.swift; sourceTree = "<group>"; };
		5EBA95B31F1DA42700C49030 /* ViewController.swift */ = {isa = PBXFileReference; lastKnownFileType = sourcecode.swift; path = ViewController.swift; sourceTree = "<group>"; };
		5EBA95B61F1DA42700C49030 /* Base */ = {isa = PBXFileReference; lastKnownFileType = file.storyboard; name = Base; path = Base.lproj/Main.storyboard; sourceTree = "<group>"; };
		5EBA95B81F1DA42700C49030 /* Assets.xcassets */ = {isa = PBXFileReference; lastKnownFileType = folder.assetcatalog; path = Assets.xcassets; sourceTree = "<group>"; };
		5EBA95BB1F1DA42700C49030 /* Base */ = {isa = PBXFileReference; lastKnownFileType = file.storyboard; name = Base; path = Base.lproj/LaunchScreen.storyboard; sourceTree = "<group>"; };
		5EBA95BD1F1DA42700C49030 /* Info.plist */ = {isa = PBXFileReference; lastKnownFileType = text.plist.xml; path = Info.plist; sourceTree = "<group>"; };
		5EBA95C31F1DA47400C49030 /* GLForm.swift */ = {isa = PBXFileReference; fileEncoding = 4; lastKnownFileType = sourcecode.swift; path = GLForm.swift; sourceTree = "<group>"; };
		5EBA95C51F1EF3B000C49030 /* GLTextField.swift */ = {isa = PBXFileReference; fileEncoding = 4; lastKnownFileType = sourcecode.swift; path = GLTextField.swift; sourceTree = "<group>"; };
		76C47A5E61906ACF275908C8 /* Pods-OrderCalculator.release.xcconfig */ = {isa = PBXFileReference; includeInIndex = 1; lastKnownFileType = text.xcconfig; name = "Pods-OrderCalculator.release.xcconfig"; path = "Pods/Target Support Files/Pods-OrderCalculator/Pods-OrderCalculator.release.xcconfig"; sourceTree = "<group>"; };
		AD7BF02FEF72DFE2111533BB /* Pods_OrderCalculator.framework */ = {isa = PBXFileReference; explicitFileType = wrapper.framework; includeInIndex = 0; path = Pods_OrderCalculator.framework; sourceTree = BUILT_PRODUCTS_DIR; };
		F5F98CB9F13E14576DB1ABB0 /* Pods-OrderCalculator.debug.xcconfig */ = {isa = PBXFileReference; includeInIndex = 1; lastKnownFileType = text.xcconfig; name = "Pods-OrderCalculator.debug.xcconfig"; path = "Pods/Target Support Files/Pods-OrderCalculator/Pods-OrderCalculator.debug.xcconfig"; sourceTree = "<group>"; };
/* End PBXFileReference section */

/* Begin PBXFrameworksBuildPhase section */
		5EBA95AB1F1DA42700C49030 /* Frameworks */ = {
			isa = PBXFrameworksBuildPhase;
			buildActionMask = 2147483647;
			files = (
				9D912EB3C76770172722DE76 /* Pods_OrderCalculator.framework in Frameworks */,
			);
			runOnlyForDeploymentPostprocessing = 0;
		};
/* End PBXFrameworksBuildPhase section */

/* Begin PBXGroup section */
		045D853BC8388121CD3E594E /* Frameworks */ = {
			isa = PBXGroup;
			children = (
				AD7BF02FEF72DFE2111533BB /* Pods_OrderCalculator.framework */,
			);
			name = Frameworks;
			sourceTree = "<group>";
		};
		5E83C0A91F20EBC800EEF1F0 /* Model */ = {
			isa = PBXGroup;
			children = (
				5E83C0AA1F20EBD300EEF1F0 /* Goods.swift */,
				5E83C0AC1F20EBF300EEF1F0 /* FormRecord.swift */,
			);
			name = Model;
			sourceTree = "<group>";
		};
		5E83C12A1F219F5600EEF1F0 /* View */ = {
			isa = PBXGroup;
			children = (
				5EBA95C31F1DA47400C49030 /* GLForm.swift */,
				5EBA95C51F1EF3B000C49030 /* GLTextField.swift */,
				5E83C0861F20404000EEF1F0 /* GLAlertView.swift */,
			);
			name = View;
			sourceTree = "<group>";
		};
		5E83C12B1F219F7100EEF1F0 /* Data */ = {
			isa = PBXGroup;
			children = (
				5E83C08A1F2066AA00EEF1F0 /* GLDataManager.swift */,
			);
			name = Data;
			sourceTree = "<group>";
		};
		5E83C12C1F219F8700EEF1F0 /* Extension */ = {
			isa = PBXGroup;
			children = (
				5E83C0841F1F0B9900EEF1F0 /* Extension.swift */,
			);
			name = Extension;
			sourceTree = "<group>";
		};
		5E83C12D1F219F9D00EEF1F0 /* ViewController */ = {
			isa = PBXGroup;
			children = (
				5EBA95B31F1DA42700C49030 /* ViewController.swift */,
			);
			name = ViewController;
			sourceTree = "<group>";
		};
		5EBA95A51F1DA42700C49030 = {
			isa = PBXGroup;
			children = (
				5EBA95B01F1DA42700C49030 /* OrderCalculator */,
				5EBA95AF1F1DA42700C49030 /* Products */,
				981DE26F0A5602BAE3AE9F50 /* Pods */,
				045D853BC8388121CD3E594E /* Frameworks */,
			);
			sourceTree = "<group>";
		};
		5EBA95AF1F1DA42700C49030 /* Products */ = {
			isa = PBXGroup;
			children = (
				5EBA95AE1F1DA42700C49030 /* OrderCalculator.app */,
			);
			name = Products;
			sourceTree = "<group>";
		};
		5EBA95B01F1DA42700C49030 /* OrderCalculator */ = {
			isa = PBXGroup;
			children = (
				5E83C12C1F219F8700EEF1F0 /* Extension */,
				5E83C12A1F219F5600EEF1F0 /* View */,
				5E83C12B1F219F7100EEF1F0 /* Data */,
				5E83C0A91F20EBC800EEF1F0 /* Model */,
				5E83C12D1F219F9D00EEF1F0 /* ViewController */,
				5EBA95B11F1DA42700C49030 /* AppDelegate.swift */,
				5E83C0881F20415200EEF1F0 /* Global.swift */,
				5EBA95B51F1DA42700C49030 /* Main.storyboard */,
				5EBA95B81F1DA42700C49030 /* Assets.xcassets */,
				5EBA95BA1F1DA42700C49030 /* LaunchScreen.storyboard */,
				5EBA95BD1F1DA42700C49030 /* Info.plist */,
			);
			path = OrderCalculator;
			sourceTree = "<group>";
		};
		981DE26F0A5602BAE3AE9F50 /* Pods */ = {
			isa = PBXGroup;
			children = (
				F5F98CB9F13E14576DB1ABB0 /* Pods-OrderCalculator.debug.xcconfig */,
				76C47A5E61906ACF275908C8 /* Pods-OrderCalculator.release.xcconfig */,
			);
			name = Pods;
			sourceTree = "<group>";
		};
/* End PBXGroup section */

/* Begin PBXNativeTarget section */
		5EBA95AD1F1DA42700C49030 /* OrderCalculator */ = {
			isa = PBXNativeTarget;
			buildConfigurationList = 5EBA95C01F1DA42700C49030 /* Build configuration list for PBXNativeTarget "OrderCalculator" */;
			buildPhases = (
				CC035D7B9CFDE4BA559CC574 /* [CP] Check Pods Manifest.lock */,
				5EBA95AA1F1DA42700C49030 /* Sources */,
				5EBA95AB1F1DA42700C49030 /* Frameworks */,
				5EBA95AC1F1DA42700C49030 /* Resources */,
				5E83C0A81F20E7C600EEF1F0 /* Embed Frameworks */,
				5297B124CCE561A5FB686A6A /* [CP] Embed Pods Frameworks */,
				F748A24561CA3227CE0DD621 /* [CP] Copy Pods Resources */,
			);
			buildRules = (
			);
			dependencies = (
			);
			name = OrderCalculator;
			productName = OrderCalculator;
			productReference = 5EBA95AE1F1DA42700C49030 /* OrderCalculator.app */;
			productType = "com.apple.product-type.application";
		};
/* End PBXNativeTarget section */

/* Begin PBXProject section */
		5EBA95A61F1DA42700C49030 /* Project object */ = {
			isa = PBXProject;
			attributes = {
				LastSwiftUpdateCheck = 0830;
				LastUpgradeCheck = 0830;
				ORGANIZATIONNAME = George;
				TargetAttributes = {
					5EBA95AD1F1DA42700C49030 = {
						CreatedOnToolsVersion = 8.3.3;
						DevelopmentTeam = AR39NS83R8;
						ProvisioningStyle = Automatic;
					};
				};
			};
			buildConfigurationList = 5EBA95A91F1DA42700C49030 /* Build configuration list for PBXProject "OrderCalculator" */;
			compatibilityVersion = "Xcode 3.2";
			developmentRegion = English;
			hasScannedForEncodings = 0;
			knownRegions = (
				en,
				Base,
			);
			mainGroup = 5EBA95A51F1DA42700C49030;
			productRefGroup = 5EBA95AF1F1DA42700C49030 /* Products */;
			projectDirPath = "";
			projectRoot = "";
			targets = (
				5EBA95AD1F1DA42700C49030 /* OrderCalculator */,
			);
		};
/* End PBXProject section */

/* Begin PBXResourcesBuildPhase section */
		5EBA95AC1F1DA42700C49030 /* Resources */ = {
			isa = PBXResourcesBuildPhase;
			buildActionMask = 2147483647;
			files = (
				5EBA95BC1F1DA42700C49030 /* LaunchScreen.storyboard in Resources */,
				5EBA95B91F1DA42700C49030 /* Assets.xcassets in Resources */,
				5EBA95B71F1DA42700C49030 /* Main.storyboard in Resources */,
			);
			runOnlyForDeploymentPostprocessing = 0;
		};
/* End PBXResourcesBuildPhase section */

/* Begin PBXShellScriptBuildPhase section */
		5297B124CCE561A5FB686A6A /* [CP] Embed Pods Frameworks */ = {
			isa = PBXShellScriptBuildPhase;
			buildActionMask = 2147483647;
			files = (
			);
			inputPaths = (
			);
			name = "[CP] Embed Pods Frameworks";
			outputPaths = (
			);
			runOnlyForDeploymentPostprocessing = 0;
			shellPath = /bin/sh;
			shellScript = "\"${SRCROOT}/Pods/Target Support Files/Pods-OrderCalculator/Pods-OrderCalculator-frameworks.sh\"\n";
			showEnvVarsInLog = 0;
		};
		CC035D7B9CFDE4BA559CC574 /* [CP] Check Pods Manifest.lock */ = {
			isa = PBXShellScriptBuildPhase;
			buildActionMask = 2147483647;
			files = (
			);
			inputPaths = (
			);
			name = "[CP] Check Pods Manifest.lock";
			outputPaths = (
			);
			runOnlyForDeploymentPostprocessing = 0;
			shellPath = /bin/sh;
			shellScript = "diff \"${PODS_PODFILE_DIR_PATH}/Podfile.lock\" \"${PODS_ROOT}/Manifest.lock\" > /dev/null\nif [ $? != 0 ] ; then\n    # print error to STDERR\n    echo \"error: The sandbox is not in sync with the Podfile.lock. Run 'pod install' or update your CocoaPods installation.\" >&2\n    exit 1\nfi\n";
			showEnvVarsInLog = 0;
		};
		F748A24561CA3227CE0DD621 /* [CP] Copy Pods Resources */ = {
			isa = PBXShellScriptBuildPhase;
			buildActionMask = 2147483647;
			files = (
			);
			inputPaths = (
			);
			name = "[CP] Copy Pods Resources";
			outputPaths = (
			);
			runOnlyForDeploymentPostprocessing = 0;
			shellPath = /bin/sh;
			shellScript = "\"${SRCROOT}/Pods/Target Support Files/Pods-OrderCalculator/Pods-OrderCalculator-resources.sh\"\n";
			showEnvVarsInLog = 0;
		};
/* End PBXShellScriptBuildPhase section */

/* Begin PBXSourcesBuildPhase section */
		5EBA95AA1F1DA42700C49030 /* Sources */ = {
			isa = PBXSourcesBuildPhase;
			buildActionMask = 2147483647;
			files = (
				5E83C0851F1F0B9900EEF1F0 /* Extension.swift in Sources */,
				5E83C0AB1F20EBD300EEF1F0 /* Goods.swift in Sources */,
				5EBA95C61F1EF3B000C49030 /* GLTextField.swift in Sources */,
				5EBA95C41F1DA47400C49030 /* GLForm.swift in Sources */,
				5EBA95B41F1DA42700C49030 /* ViewController.swift in Sources */,
				5E83C0871F20404000EEF1F0 /* GLAlertView.swift in Sources */,
				5E83C0AD1F20EBF300EEF1F0 /* FormRecord.swift in Sources */,
				5EBA95B21F1DA42700C49030 /* AppDelegate.swift in Sources */,
				5E83C08B1F2066AA00EEF1F0 /* GLDataManager.swift in Sources */,
				5E83C0891F20415200EEF1F0 /* Global.swift in Sources */,
			);
			runOnlyForDeploymentPostprocessing = 0;
		};
/* End PBXSourcesBuildPhase section */

/* Begin PBXVariantGroup section */
		5EBA95B51F1DA42700C49030 /* Main.storyboard */ = {
			isa = PBXVariantGroup;
			children = (
				5EBA95B61F1DA42700C49030 /* Base */,
			);
			name = Main.storyboard;
			sourceTree = "<group>";
		};
		5EBA95BA1F1DA42700C49030 /* LaunchScreen.storyboard */ = {
			isa = PBXVariantGroup;
			children = (
				5EBA95BB1F1DA42700C49030 /* Base */,
			);
			name = LaunchScreen.storyboard;
			sourceTree = "<group>";
		};
/* End PBXVariantGroup section */

/* Begin XCBuildConfiguration section */
		5EBA95BE1F1DA42700C49030 /* Debug */ = {
			isa = XCBuildConfiguration;
			buildSettings = {
				ALWAYS_SEARCH_USER_PATHS = NO;
				CLANG_ANALYZER_NONNULL = YES;
				CLANG_ANALYZER_NUMBER_OBJECT_CONVERSION = YES_AGGRESSIVE;
				CLANG_CXX_LANGUAGE_STANDARD = "gnu++0x";
				CLANG_CXX_LIBRARY = "libc++";
				CLANG_ENABLE_MODULES = YES;
				CLANG_ENABLE_OBJC_ARC = YES;
				CLANG_WARN_BOOL_CONVERSION = YES;
				CLANG_WARN_CONSTANT_CONVERSION = YES;
				CLANG_WARN_DIRECT_OBJC_ISA_USAGE = YES_ERROR;
				CLANG_WARN_DOCUMENTATION_COMMENTS = YES;
				CLANG_WARN_EMPTY_BODY = YES;
				CLANG_WARN_ENUM_CONVERSION = YES;
				CLANG_WARN_INFINITE_RECURSION = YES;
				CLANG_WARN_INT_CONVERSION = YES;
				CLANG_WARN_OBJC_ROOT_CLASS = YES_ERROR;
				CLANG_WARN_SUSPICIOUS_MOVE = YES;
				CLANG_WARN_UNREACHABLE_CODE = YES;
				CLANG_WARN__DUPLICATE_METHOD_MATCH = YES;
				"CODE_SIGN_IDENTITY[sdk=iphoneos*]" = "iPhone Developer";
				COPY_PHASE_STRIP = NO;
				DEBUG_INFORMATION_FORMAT = dwarf;
				ENABLE_STRICT_OBJC_MSGSEND = YES;
				ENABLE_TESTABILITY = YES;
				GCC_C_LANGUAGE_STANDARD = gnu99;
				GCC_DYNAMIC_NO_PIC = NO;
				GCC_NO_COMMON_BLOCKS = YES;
				GCC_OPTIMIZATION_LEVEL = 0;
				GCC_PREPROCESSOR_DEFINITIONS = (
					"DEBUG=1",
					"$(inherited)",
				);
				GCC_WARN_64_TO_32_BIT_CONVERSION = YES;
				GCC_WARN_ABOUT_RETURN_TYPE = YES_ERROR;
				GCC_WARN_UNDECLARED_SELECTOR = YES;
				GCC_WARN_UNINITIALIZED_AUTOS = YES_AGGRESSIVE;
				GCC_WARN_UNUSED_FUNCTION = YES;
				GCC_WARN_UNUSED_VARIABLE = YES;
				IPHONEOS_DEPLOYMENT_TARGET = 10.3;
				MTL_ENABLE_DEBUG_INFO = YES;
				ONLY_ACTIVE_ARCH = YES;
				SDKROOT = iphoneos;
				SWIFT_ACTIVE_COMPILATION_CONDITIONS = DEBUG;
				SWIFT_OPTIMIZATION_LEVEL = "-Onone";
			};
			name = Debug;
		};
		5EBA95BF1F1DA42700C49030 /* Release */ = {
			isa = XCBuildConfiguration;
			buildSettings = {
				ALWAYS_SEARCH_USER_PATHS = NO;
				CLANG_ANALYZER_NONNULL = YES;
				CLANG_ANALYZER_NUMBER_OBJECT_CONVERSION = YES_AGGRESSIVE;
				CLANG_CXX_LANGUAGE_STANDARD = "gnu++0x";
				CLANG_CXX_LIBRARY = "libc++";
				CLANG_ENABLE_MODULES = YES;
				CLANG_ENABLE_OBJC_ARC = YES;
				CLANG_WARN_BOOL_CONVERSION = YES;
				CLANG_WARN_CONSTANT_CONVERSION = YES;
				CLANG_WARN_DIRECT_OBJC_ISA_USAGE = YES_ERROR;
				CLANG_WARN_DOCUMENTATION_COMMENTS = YES;
				CLANG_WARN_EMPTY_BODY = YES;
				CLANG_WARN_ENUM_CONVERSION = YES;
				CLANG_WARN_INFINITE_RECURSION = YES;
				CLANG_WARN_INT_CONVERSION = YES;
				CLANG_WARN_OBJC_ROOT_CLASS = YES_ERROR;
				CLANG_WARN_SUSPICIOUS_MOVE = YES;
				CLANG_WARN_UNREACHABLE_CODE = YES;
				CLANG_WARN__DUPLICATE_METHOD_MATCH = YES;
				"CODE_SIGN_IDENTITY[sdk=iphoneos*]" = "iPhone Developer";
				COPY_PHASE_STRIP = NO;
				DEBUG_INFORMATION_FORMAT = "dwarf-with-dsym";
				ENABLE_NS_ASSERTIONS = NO;
				ENABLE_STRICT_OBJC_MSGSEND = YES;
				GCC_C_LANGUAGE_STANDARD = gnu99;
				GCC_NO_COMMON_BLOCKS = YES;
				GCC_WARN_64_TO_32_BIT_CONVERSION = YES;
				GCC_WARN_ABOUT_RETURN_TYPE = YES_ERROR;
				GCC_WARN_UNDECLARED_SELECTOR = YES;
				GCC_WARN_UNINITIALIZED_AUTOS = YES_AGGRESSIVE;
				GCC_WARN_UNUSED_FUNCTION = YES;
				GCC_WARN_UNUSED_VARIABLE = YES;
				IPHONEOS_DEPLOYMENT_TARGET = 10.3;
				MTL_ENABLE_DEBUG_INFO = NO;
				SDKROOT = iphoneos;
				SWIFT_OPTIMIZATION_LEVEL = "-Owholemodule";
				VALIDATE_PRODUCT = YES;
			};
			name = Release;
		};
		5EBA95C11F1DA42700C49030 /* Debug */ = {
			isa = XCBuildConfiguration;
			baseConfigurationReference = F5F98CB9F13E14576DB1ABB0 /* Pods-OrderCalculator.debug.xcconfig */;
			buildSettings = {
				ALWAYS_EMBED_SWIFT_STANDARD_LIBRARIES = YES;
				ASSETCATALOG_COMPILER_APPICON_NAME = AppIcon;
				DEVELOPMENT_TEAM = AR39NS83R8;
				INFOPLIST_FILE = OrderCalculator/Info.plist;
				IPHONEOS_DEPLOYMENT_TARGET = 9.0;
				LD_RUNPATH_SEARCH_PATHS = "$(inherited) @executable_path/Frameworks";
				PRODUCT_BUNDLE_IDENTIFIER = com.changhe.OrderCalculator1;
				PRODUCT_NAME = "$(TARGET_NAME)";
				SWIFT_VERSION = 3.0;
			};
			name = Debug;
		};
		5EBA95C21F1DA42700C49030 /* Release */ = {
			isa = XCBuildConfiguration;
			baseConfigurationReference = 76C47A5E61906ACF275908C8 /* Pods-OrderCalculator.release.xcconfig */;
			buildSettings = {
				ALWAYS_EMBED_SWIFT_STANDARD_LIBRARIES = YES;
				ASSETCATALOG_COMPILER_APPICON_NAME = AppIcon;
				DEVELOPMENT_TEAM = AR39NS83R8;
				INFOPLIST_FILE = OrderCalculator/Info.plist;
				IPHONEOS_DEPLOYMENT_TARGET = 9.0;
				LD_RUNPATH_SEARCH_PATHS = "$(inherited) @executable_path/Frameworks";
				PRODUCT_BUNDLE_IDENTIFIER = com.changhe.OrderCalculator1;
				PRODUCT_NAME = "$(TARGET_NAME)";
				SWIFT_VERSION = 3.0;
			};
			name = Release;
		};
/* End XCBuildConfiguration section */

/* Begin XCConfigurationList section */
		5EBA95A91F1DA42700C49030 /* Build configuration list for PBXProject "OrderCalculator" */ = {
			isa = XCConfigurationList;
			buildConfigurations = (
				5EBA95BE1F1DA42700C49030 /* Debug */,
				5EBA95BF1F1DA42700C49030 /* Release */,
			);
			defaultConfigurationIsVisible = 0;
			defaultConfigurationName = Release;
		};
		5EBA95C01F1DA42700C49030 /* Build configuration list for PBXNativeTarget "OrderCalculator" */ = {
			isa = XCConfigurationList;
			buildConfigurations = (
				5EBA95C11F1DA42700C49030 /* Debug */,
				5EBA95C21F1DA42700C49030 /* Release */,
			);
			defaultConfigurationIsVisible = 0;
			defaultConfigurationName = Release;
		};
/* End XCConfigurationList section */
	};
	rootObject = 5EBA95A61F1DA42700C49030 /* Project object */;
}
